
Microsoft Visual Studio Solution File, Format Version 12.00
# Visual Studio Version 17
VisualStudioVersion = 17.7.34202.233
MinimumVisualStudioVersion = 10.0.40219.1
Project("{FAE04EC0-301F-11D3-BF4B-00C04F79EFBC}") = "RalphMchugh2263Pj7", "RalphMchugh2263Pj7.csproj", "{1E800053-96BD-42FF-890D-8906199588CB}"
EndProject
Global
	GlobalSection(SolutionConfigurationPlatforms) = preSolution
		Debug|Any CPU = Debug|Any CPU
		Release|Any CPU = Release|Any CPU
	EndGlobalSection
	GlobalSection(ProjectConfigurationPlatforms) = postSolution
		{1E800053-96BD-42FF-890D-8906199588CB}.Debug|Any CPU.ActiveCfg = Debug|Any CPU
		{1E800053-96BD-42FF-890D-8906199588CB}.Debug|Any CPU.Build.0 = Debug|Any CPU
		{1E800053-96BD-42FF-890D-8906199588CB}.Release|Any CPU.ActiveCfg = Release|Any CPU
		{1E800053-96BD-42FF-890D-8906199588CB}.Release|Any CPU.Build.0 = Release|Any CPU
	EndGlobalSection
	GlobalSection(SolutionProperties) = preSolution
		HideSolutionNode = FALSE
	EndGlobalSection
	GlobalSection(ExtensibilityGlobals) = postSolution
		SolutionGuid = {6ED6230D-07F7-42B9-905E-AC9B50CEFE67}
	EndGlobalSection
EndGlobal
